
Microsoft Visual Studio Solution File, Format Version 12.00
# Visual Studio 2013
VisualStudioVersion = 12.0.30110.0
MinimumVisualStudioVersion = 10.0.40219.1
Project("{FAE04EC0-301F-11D3-BF4B-00C04F79EFBC}") = "PhoneTestBox", "PhoneTestBox\PhoneTestBox.csproj", "{387AD17A-9065-47C0-9748-3F1C493FF74C}"
EndProject
Project("{8BC9CEB8-8B4A-11D0-8D11-00A0C91BC942}") = "NativeFaceDetector", "NativeFaceDetector\NativeFaceDetector.vcxproj", "{3C43C117-38B3-4C34-B0B2-30351C24BD2D}"
EndProject
Project("{FAE04EC0-301F-11D3-BF4B-00C04F79EFBC}") = "FaceDetectionWinPhone", "FaceDetectionWP\FaceDetectionWinPhone.csproj", "{A1381BBF-124E-4B05-B34C-D6889299DF48}"
EndProject
Project("{FAE04EC0-301F-11D3-BF4B-00C04F79EFBC}") = "U2UC.WP8.Controls", "U2UC.WP8.Controls\U2UC.WP8.Controls.csproj", "{3BC09D88-CD3A-4074-9E05-75B7CC8E9517}"
EndProject
Project("{FAE04EC0-301F-11D3-BF4B-00C04F79EFBC}") = "WatchDog", "WatchDog\WatchDog.csproj", "{90CF0933-DB59-413A-8A1E-814E32CEE6F4}"
EndProject
Global
	GlobalSection(SolutionConfigurationPlatforms) = preSolution
		Debug|Any CPU = Debug|Any CPU
		Debug|ARM = Debug|ARM
		Debug|Mixed Platforms = Debug|Mixed Platforms
		Debug|Win32 = Debug|Win32
		Debug|x86 = Debug|x86
		PhoneTestBox|Any CPU = PhoneTestBox|Any CPU
		PhoneTestBox|ARM = PhoneTestBox|ARM
		PhoneTestBox|Mixed Platforms = PhoneTestBox|Mixed Platforms
		PhoneTestBox|Win32 = PhoneTestBox|Win32
		PhoneTestBox|x86 = PhoneTestBox|x86
		PhoneTestBoxDebug|Any CPU = PhoneTestBoxDebug|Any CPU
		PhoneTestBoxDebug|ARM = PhoneTestBoxDebug|ARM
		PhoneTestBoxDebug|Mixed Platforms = PhoneTestBoxDebug|Mixed Platforms
		PhoneTestBoxDebug|Win32 = PhoneTestBoxDebug|Win32
		PhoneTestBoxDebug|x86 = PhoneTestBoxDebug|x86
		Release|Any CPU = Release|Any CPU
		Release|ARM = Release|ARM
		Release|Mixed Platforms = Release|Mixed Platforms
		Release|Win32 = Release|Win32
		Release|x86 = Release|x86
	EndGlobalSection
	GlobalSection(ProjectConfigurationPlatforms) = postSolution
		{387AD17A-9065-47C0-9748-3F1C493FF74C}.Debug|Any CPU.ActiveCfg = Debug|ARM
		{387AD17A-9065-47C0-9748-3F1C493FF74C}.Debug|Any CPU.Build.0 = Debug|ARM
		{387AD17A-9065-47C0-9748-3F1C493FF74C}.Debug|Any CPU.Deploy.0 = Debug|ARM
		{387AD17A-9065-47C0-9748-3F1C493FF74C}.Debug|ARM.ActiveCfg = Debug|ARM
		{387AD17A-9065-47C0-9748-3F1C493FF74C}.Debug|Mixed Platforms.ActiveCfg = Debug|x86
		{387AD17A-9065-47C0-9748-3F1C493FF74C}.Debug|Mixed Platforms.Build.0 = Debug|x86
		{387AD17A-9065-47C0-9748-3F1C493FF74C}.Debug|Mixed Platforms.Deploy.0 = Debug|x86
		{387AD17A-9065-47C0-9748-3F1C493FF74C}.Debug|Win32.ActiveCfg = Debug|x86
		{387AD17A-9065-47C0-9748-3F1C493FF74C}.Debug|Win32.Build.0 = Debug|x86
		{387AD17A-9065-47C0-9748-3F1C493FF74C}.Debug|Win32.Deploy.0 = Debug|x86
		{387AD17A-9065-47C0-9748-3F1C493FF74C}.Debug|x86.ActiveCfg = Debug|x86
		{387AD17A-9065-47C0-9748-3F1C493FF74C}.Debug|x86.Build.0 = Debug|x86
		{387AD17A-9065-47C0-9748-3F1C493FF74C}.Debug|x86.Deploy.0 = Debug|x86
		{387AD17A-9065-47C0-9748-3F1C493FF74C}.PhoneTestBox|Any CPU.ActiveCfg = PhoneTestBox|Any CPU
		{387AD17A-9065-47C0-9748-3F1C493FF74C}.PhoneTestBox|Any CPU.Build.0 = PhoneTestBox|Any CPU
		{387AD17A-9065-47C0-9748-3F1C493FF74C}.PhoneTestBox|Any CPU.Deploy.0 = PhoneTestBox|Any CPU
		{387AD17A-9065-47C0-9748-3F1C493FF74C}.PhoneTestBox|ARM.ActiveCfg = PhoneTestBox|ARM
		{387AD17A-9065-47C0-9748-3F1C493FF74C}.PhoneTestBox|ARM.Build.0 = PhoneTestBox|ARM
		{387AD17A-9065-47C0-9748-3F1C493FF74C}.PhoneTestBox|ARM.Deploy.0 = PhoneTestBox|ARM
		{387AD17A-9065-47C0-9748-3F1C493FF74C}.PhoneTestBox|Mixed Platforms.ActiveCfg = PhoneTestBox|x86
		{387AD17A-9065-47C0-9748-3F1C493FF74C}.PhoneTestBox|Mixed Platforms.Build.0 = PhoneTestBox|x86
		{387AD17A-9065-47C0-9748-3F1C493FF74C}.PhoneTestBox|Mixed Platforms.Deploy.0 = PhoneTestBox|x86
		{387AD17A-9065-47C0-9748-3F1C493FF74C}.PhoneTestBox|Win32.ActiveCfg = PhoneTestBox|x86
		{387AD17A-9065-47C0-9748-3F1C493FF74C}.PhoneTestBox|Win32.Build.0 = PhoneTestBox|x86
		{387AD17A-9065-47C0-9748-3F1C493FF74C}.PhoneTestBox|Win32.Deploy.0 = PhoneTestBox|x86
		{387AD17A-9065-47C0-9748-3F1C493FF74C}.PhoneTestBox|x86.ActiveCfg = PhoneTestBox|x86
		{387AD17A-9065-47C0-9748-3F1C493FF74C}.PhoneTestBox|x86.Build.0 = PhoneTestBox|x86
		{387AD17A-9065-47C0-9748-3F1C493FF74C}.PhoneTestBox|x86.Deploy.0 = PhoneTestBox|x86
		{387AD17A-9065-47C0-9748-3F1C493FF74C}.PhoneTestBoxDebug|Any CPU.ActiveCfg = PhoneTestBoxDebug|Any CPU
		{387AD17A-9065-47C0-9748-3F1C493FF74C}.PhoneTestBoxDebug|Any CPU.Deploy.0 = PhoneTestBoxDebug|Any CPU
		{387AD17A-9065-47C0-9748-3F1C493FF74C}.PhoneTestBoxDebug|ARM.ActiveCfg = PhoneTestBox|ARM
		{387AD17A-9065-47C0-9748-3F1C493FF74C}.PhoneTestBoxDebug|ARM.Build.0 = PhoneTestBox|ARM
		{387AD17A-9065-47C0-9748-3F1C493FF74C}.PhoneTestBoxDebug|ARM.Deploy.0 = PhoneTestBox|ARM
		{387AD17A-9065-47C0-9748-3F1C493FF74C}.PhoneTestBoxDebug|Mixed Platforms.ActiveCfg = PhoneTestBoxDebug|x86
		{387AD17A-9065-47C0-9748-3F1C493FF74C}.PhoneTestBoxDebug|Mixed Platforms.Build.0 = PhoneTestBoxDebug|x86
		{387AD17A-9065-47C0-9748-3F1C493FF74C}.PhoneTestBoxDebug|Mixed Platforms.Deploy.0 = PhoneTestBoxDebug|x86
		{387AD17A-9065-47C0-9748-3F1C493FF74C}.PhoneTestBoxDebug|Win32.ActiveCfg = PhoneTestBoxDebug|x86
		{387AD17A-9065-47C0-9748-3F1C493FF74C}.PhoneTestBoxDebug|Win32.Build.0 = PhoneTestBoxDebug|x86
		{387AD17A-9065-47C0-9748-3F1C493FF74C}.PhoneTestBoxDebug|Win32.Deploy.0 = PhoneTestBoxDebug|x86
		{387AD17A-9065-47C0-9748-3F1C493FF74C}.PhoneTestBoxDebug|x86.ActiveCfg = PhoneTestBoxDebug|x86
		{387AD17A-9065-47C0-9748-3F1C493FF74C}.PhoneTestBoxDebug|x86.Deploy.0 = PhoneTestBoxDebug|x86
		{387AD17A-9065-47C0-9748-3F1C493FF74C}.Release|Any CPU.ActiveCfg = Release|Any CPU
		{387AD17A-9065-47C0-9748-3F1C493FF74C}.Release|Any CPU.Build.0 = Release|Any CPU
		{387AD17A-9065-47C0-9748-3F1C493FF74C}.Release|Any CPU.Deploy.0 = Release|Any CPU
		{387AD17A-9065-47C0-9748-3F1C493FF74C}.Release|ARM.ActiveCfg = Release|ARM
		{387AD17A-9065-47C0-9748-3F1C493FF74C}.Release|ARM.Build.0 = Release|ARM
		{387AD17A-9065-47C0-9748-3F1C493FF74C}.Release|ARM.Deploy.0 = Release|ARM
		{387AD17A-9065-47C0-9748-3F1C493FF74C}.Release|Mixed Platforms.ActiveCfg = Release|x86
		{387AD17A-9065-47C0-9748-3F1C493FF74C}.Release|Mixed Platforms.Build.0 = Release|x86
		{387AD17A-9065-47C0-9748-3F1C493FF74C}.Release|Mixed Platforms.Deploy.0 = Release|x86
		{387AD17A-9065-47C0-9748-3F1C493FF74C}.Release|Win32.ActiveCfg = Release|x86
		{387AD17A-9065-47C0-9748-3F1C493FF74C}.Release|Win32.Build.0 = Release|x86
		{387AD17A-9065-47C0-9748-3F1C493FF74C}.Release|Win32.Deploy.0 = Release|x86
		{387AD17A-9065-47C0-9748-3F1C493FF74C}.Release|x86.ActiveCfg = Release|x86
		{387AD17A-9065-47C0-9748-3F1C493FF74C}.Release|x86.Build.0 = Release|x86
		{387AD17A-9065-47C0-9748-3F1C493FF74C}.Release|x86.Deploy.0 = Release|x86
		{3C43C117-38B3-4C34-B0B2-30351C24BD2D}.Debug|Any CPU.ActiveCfg = Debug|ARM
		{3C43C117-38B3-4C34-B0B2-30351C24BD2D}.Debug|ARM.ActiveCfg = Debug|ARM
		{3C43C117-38B3-4C34-B0B2-30351C24BD2D}.Debug|ARM.Build.0 = Debug|ARM
		{3C43C117-38B3-4C34-B0B2-30351C24BD2D}.Debug|Mixed Platforms.ActiveCfg = Debug|Win32
		{3C43C117-38B3-4C34-B0B2-30351C24BD2D}.Debug|Mixed Platforms.Build.0 = Debug|Win32
		{3C43C117-38B3-4C34-B0B2-30351C24BD2D}.Debug|Win32.ActiveCfg = Debug|Win32
		{3C43C117-38B3-4C34-B0B2-30351C24BD2D}.Debug|Win32.Build.0 = Debug|Win32
		{3C43C117-38B3-4C34-B0B2-30351C24BD2D}.Debug|x86.ActiveCfg = Debug|Win32
		{3C43C117-38B3-4C34-B0B2-30351C24BD2D}.Debug|x86.Build.0 = Debug|Win32
		{3C43C117-38B3-4C34-B0B2-30351C24BD2D}.PhoneTestBox|Any CPU.ActiveCfg = Release|Win32
		{3C43C117-38B3-4C34-B0B2-30351C24BD2D}.PhoneTestBox|ARM.ActiveCfg = Release|ARM
		{3C43C117-38B3-4C34-B0B2-30351C24BD2D}.PhoneTestBox|ARM.Build.0 = Release|ARM
		{3C43C117-38B3-4C34-B0B2-30351C24BD2D}.PhoneTestBox|Mixed Platforms.ActiveCfg = Release|Win32
		{3C43C117-38B3-4C34-B0B2-30351C24BD2D}.PhoneTestBox|Mixed Platforms.Build.0 = Release|Win32
		{3C43C117-38B3-4C34-B0B2-30351C24BD2D}.PhoneTestBox|Win32.ActiveCfg = Release|Win32
		{3C43C117-38B3-4C34-B0B2-30351C24BD2D}.PhoneTestBox|Win32.Build.0 = Release|Win32
		{3C43C117-38B3-4C34-B0B2-30351C24BD2D}.PhoneTestBox|x86.ActiveCfg = Release|Win32
		{3C43C117-38B3-4C34-B0B2-30351C24BD2D}.PhoneTestBox|x86.Build.0 = Release|Win32
		{3C43C117-38B3-4C34-B0B2-30351C24BD2D}.PhoneTestBoxDebug|Any CPU.ActiveCfg = Debug|Win32
		{3C43C117-38B3-4C34-B0B2-30351C24BD2D}.PhoneTestBoxDebug|ARM.ActiveCfg = Debug|ARM
		{3C43C117-38B3-4C34-B0B2-30351C24BD2D}.PhoneTestBoxDebug|Mixed Platforms.ActiveCfg = Debug|Win32
		{3C43C117-38B3-4C34-B0B2-30351C24BD2D}.PhoneTestBoxDebug|Mixed Platforms.Build.0 = Debug|Win32
		{3C43C117-38B3-4C34-B0B2-30351C24BD2D}.PhoneTestBoxDebug|Win32.ActiveCfg = Debug|Win32
		{3C43C117-38B3-4C34-B0B2-30351C24BD2D}.PhoneTestBoxDebug|Win32.Build.0 = Debug|Win32
		{3C43C117-38B3-4C34-B0B2-30351C24BD2D}.PhoneTestBoxDebug|x86.ActiveCfg = Debug|Win32
		{3C43C117-38B3-4C34-B0B2-30351C24BD2D}.PhoneTestBoxDebug|x86.Build.0 = Debug|Win32
		{3C43C117-38B3-4C34-B0B2-30351C24BD2D}.Release|Any CPU.ActiveCfg = Release|Win32
		{3C43C117-38B3-4C34-B0B2-30351C24BD2D}.Release|ARM.ActiveCfg = Release|ARM
		{3C43C117-38B3-4C34-B0B2-30351C24BD2D}.Release|ARM.Build.0 = Release|ARM
		{3C43C117-38B3-4C34-B0B2-30351C24BD2D}.Release|Mixed Platforms.ActiveCfg = Release|Win32
		{3C43C117-38B3-4C34-B0B2-30351C24BD2D}.Release|Mixed Platforms.Build.0 = Release|Win32
		{3C43C117-38B3-4C34-B0B2-30351C24BD2D}.Release|Win32.ActiveCfg = Release|Win32
		{3C43C117-38B3-4C34-B0B2-30351C24BD2D}.Release|Win32.Build.0 = Release|Win32
		{3C43C117-38B3-4C34-B0B2-30351C24BD2D}.Release|x86.ActiveCfg = Release|Win32
		{3C43C117-38B3-4C34-B0B2-30351C24BD2D}.Release|x86.Build.0 = Release|Win32
		{A1381BBF-124E-4B05-B34C-D6889299DF48}.Debug|Any CPU.ActiveCfg = Debug|ARM
		{A1381BBF-124E-4B05-B34C-D6889299DF48}.Debug|Any CPU.Build.0 = Debug|ARM
		{A1381BBF-124E-4B05-B34C-D6889299DF48}.Debug|ARM.ActiveCfg = Debug|ARM
		{A1381BBF-124E-4B05-B34C-D6889299DF48}.Debug|ARM.Build.0 = Debug|ARM
		{A1381BBF-124E-4B05-B34C-D6889299DF48}.Debug|Mixed Platforms.ActiveCfg = Debug|x86
		{A1381BBF-124E-4B05-B34C-D6889299DF48}.Debug|Mixed Platforms.Build.0 = Debug|x86
		{A1381BBF-124E-4B05-B34C-D6889299DF48}.Debug|Win32.ActiveCfg = Debug|x86
		{A1381BBF-124E-4B05-B34C-D6889299DF48}.Debug|Win32.Build.0 = Debug|x86
		{A1381BBF-124E-4B05-B34C-D6889299DF48}.Debug|x86.ActiveCfg = Debug|x86
		{A1381BBF-124E-4B05-B34C-D6889299DF48}.Debug|x86.Build.0 = Debug|x86
		{A1381BBF-124E-4B05-B34C-D6889299DF48}.PhoneTestBox|Any CPU.ActiveCfg = Release|Any CPU
		{A1381BBF-124E-4B05-B34C-D6889299DF48}.PhoneTestBox|Any CPU.Build.0 = Release|Any CPU
		{A1381BBF-124E-4B05-B34C-D6889299DF48}.PhoneTestBox|ARM.ActiveCfg = Release|ARM
		{A1381BBF-124E-4B05-B34C-D6889299DF48}.PhoneTestBox|ARM.Build.0 = Release|ARM
		{A1381BBF-124E-4B05-B34C-D6889299DF48}.PhoneTestBox|Mixed Platforms.ActiveCfg = Release|x86
		{A1381BBF-124E-4B05-B34C-D6889299DF48}.PhoneTestBox|Mixed Platforms.Build.0 = Release|x86
		{A1381BBF-124E-4B05-B34C-D6889299DF48}.PhoneTestBox|Win32.ActiveCfg = Release|x86
		{A1381BBF-124E-4B05-B34C-D6889299DF48}.PhoneTestBox|Win32.Build.0 = Release|x86
		{A1381BBF-124E-4B05-B34C-D6889299DF48}.PhoneTestBox|x86.ActiveCfg = Release|x86
		{A1381BBF-124E-4B05-B34C-D6889299DF48}.PhoneTestBox|x86.Build.0 = Release|x86
		{A1381BBF-124E-4B05-B34C-D6889299DF48}.PhoneTestBoxDebug|Any CPU.ActiveCfg = Debug|Any CPU
		{A1381BBF-124E-4B05-B34C-D6889299DF48}.PhoneTestBoxDebug|Any CPU.Build.0 = Debug|Any CPU
		{A1381BBF-124E-4B05-B34C-D6889299DF48}.PhoneTestBoxDebug|ARM.ActiveCfg = Debug|ARM
		{A1381BBF-124E-4B05-B34C-D6889299DF48}.PhoneTestBoxDebug|Mixed Platforms.ActiveCfg = Debug|x86
		{A1381BBF-124E-4B05-B34C-D6889299DF48}.PhoneTestBoxDebug|Mixed Platforms.Build.0 = Debug|x86
		{A1381BBF-124E-4B05-B34C-D6889299DF48}.PhoneTestBoxDebug|Win32.ActiveCfg = Debug|x86
		{A1381BBF-124E-4B05-B34C-D6889299DF48}.PhoneTestBoxDebug|Win32.Build.0 = Debug|x86
		{A1381BBF-124E-4B05-B34C-D6889299DF48}.PhoneTestBoxDebug|x86.ActiveCfg = Debug|x86
		{A1381BBF-124E-4B05-B34C-D6889299DF48}.PhoneTestBoxDebug|x86.Build.0 = Debug|x86
		{A1381BBF-124E-4B05-B34C-D6889299DF48}.Release|Any CPU.ActiveCfg = Release|Any CPU
		{A1381BBF-124E-4B05-B34C-D6889299DF48}.Release|Any CPU.Build.0 = Release|Any CPU
		{A1381BBF-124E-4B05-B34C-D6889299DF48}.Release|ARM.ActiveCfg = Release|ARM
		{A1381BBF-124E-4B05-B34C-D6889299DF48}.Release|ARM.Build.0 = Release|ARM
		{A1381BBF-124E-4B05-B34C-D6889299DF48}.Release|Mixed Platforms.ActiveCfg = Release|x86
		{A1381BBF-124E-4B05-B34C-D6889299DF48}.Release|Mixed Platforms.Build.0 = Release|x86
		{A1381BBF-124E-4B05-B34C-D6889299DF48}.Release|Win32.ActiveCfg = Release|x86
		{A1381BBF-124E-4B05-B34C-D6889299DF48}.Release|Win32.Build.0 = Release|x86
		{A1381BBF-124E-4B05-B34C-D6889299DF48}.Release|x86.ActiveCfg = Release|x86
		{A1381BBF-124E-4B05-B34C-D6889299DF48}.Release|x86.Build.0 = Release|x86
		{3BC09D88-CD3A-4074-9E05-75B7CC8E9517}.Debug|Any CPU.ActiveCfg = Debug|ARM
		{3BC09D88-CD3A-4074-9E05-75B7CC8E9517}.Debug|Any CPU.Build.0 = Debug|ARM
		{3BC09D88-CD3A-4074-9E05-75B7CC8E9517}.Debug|ARM.ActiveCfg = Debug|ARM
		{3BC09D88-CD3A-4074-9E05-75B7CC8E9517}.Debug|ARM.Build.0 = Debug|ARM
		{3BC09D88-CD3A-4074-9E05-75B7CC8E9517}.Debug|Mixed Platforms.ActiveCfg = Debug|x86
		{3BC09D88-CD3A-4074-9E05-75B7CC8E9517}.Debug|Mixed Platforms.Build.0 = Debug|x86
		{3BC09D88-CD3A-4074-9E05-75B7CC8E9517}.Debug|Win32.ActiveCfg = Debug|x86
		{3BC09D88-CD3A-4074-9E05-75B7CC8E9517}.Debug|Win32.Build.0 = Debug|x86
		{3BC09D88-CD3A-4074-9E05-75B7CC8E9517}.Debug|x86.ActiveCfg = Debug|x86
		{3BC09D88-CD3A-4074-9E05-75B7CC8E9517}.Debug|x86.Build.0 = Debug|x86
		{3BC09D88-CD3A-4074-9E05-75B7CC8E9517}.PhoneTestBox|Any CPU.ActiveCfg = Release|Any CPU
		{3BC09D88-CD3A-4074-9E05-75B7CC8E9517}.PhoneTestBox|Any CPU.Build.0 = Release|Any CPU
		{3BC09D88-CD3A-4074-9E05-75B7CC8E9517}.PhoneTestBox|ARM.ActiveCfg = Release|ARM
		{3BC09D88-CD3A-4074-9E05-75B7CC8E9517}.PhoneTestBox|ARM.Build.0 = Release|ARM
		{3BC09D88-CD3A-4074-9E05-75B7CC8E9517}.PhoneTestBox|Mixed Platforms.ActiveCfg = Release|x86
		{3BC09D88-CD3A-4074-9E05-75B7CC8E9517}.PhoneTestBox|Mixed Platforms.Build.0 = Release|x86
		{3BC09D88-CD3A-4074-9E05-75B7CC8E9517}.PhoneTestBox|Win32.ActiveCfg = Release|x86
		{3BC09D88-CD3A-4074-9E05-75B7CC8E9517}.PhoneTestBox|Win32.Build.0 = Release|x86
		{3BC09D88-CD3A-4074-9E05-75B7CC8E9517}.PhoneTestBox|x86.ActiveCfg = Release|x86
		{3BC09D88-CD3A-4074-9E05-75B7CC8E9517}.PhoneTestBox|x86.Build.0 = Release|x86
		{3BC09D88-CD3A-4074-9E05-75B7CC8E9517}.PhoneTestBoxDebug|Any CPU.ActiveCfg = Debug|Any CPU
		{3BC09D88-CD3A-4074-9E05-75B7CC8E9517}.PhoneTestBoxDebug|Any CPU.Build.0 = Debug|Any CPU
		{3BC09D88-CD3A-4074-9E05-75B7CC8E9517}.PhoneTestBoxDebug|ARM.ActiveCfg = Debug|ARM
		{3BC09D88-CD3A-4074-9E05-75B7CC8E9517}.PhoneTestBoxDebug|Mixed Platforms.ActiveCfg = Debug|x86
		{3BC09D88-CD3A-4074-9E05-75B7CC8E9517}.PhoneTestBoxDebug|Mixed Platforms.Build.0 = Debug|x86
		{3BC09D88-CD3A-4074-9E05-75B7CC8E9517}.PhoneTestBoxDebug|Win32.ActiveCfg = Debug|x86
		{3BC09D88-CD3A-4074-9E05-75B7CC8E9517}.PhoneTestBoxDebug|Win32.Build.0 = Debug|x86
		{3BC09D88-CD3A-4074-9E05-75B7CC8E9517}.PhoneTestBoxDebug|x86.ActiveCfg = Debug|x86
		{3BC09D88-CD3A-4074-9E05-75B7CC8E9517}.PhoneTestBoxDebug|x86.Build.0 = Debug|x86
		{3BC09D88-CD3A-4074-9E05-75B7CC8E9517}.Release|Any CPU.ActiveCfg = Release|Any CPU
		{3BC09D88-CD3A-4074-9E05-75B7CC8E9517}.Release|Any CPU.Build.0 = Release|Any CPU
		{3BC09D88-CD3A-4074-9E05-75B7CC8E9517}.Release|ARM.ActiveCfg = Release|ARM
		{3BC09D88-CD3A-4074-9E05-75B7CC8E9517}.Release|ARM.Build.0 = Release|ARM
		{3BC09D88-CD3A-4074-9E05-75B7CC8E9517}.Release|Mixed Platforms.ActiveCfg = Release|x86
		{3BC09D88-CD3A-4074-9E05-75B7CC8E9517}.Release|Mixed Platforms.Build.0 = Release|x86
		{3BC09D88-CD3A-4074-9E05-75B7CC8E9517}.Release|Win32.ActiveCfg = Release|x86
		{3BC09D88-CD3A-4074-9E05-75B7CC8E9517}.Release|Win32.Build.0 = Release|x86
		{3BC09D88-CD3A-4074-9E05-75B7CC8E9517}.Release|x86.ActiveCfg = Release|x86
		{3BC09D88-CD3A-4074-9E05-75B7CC8E9517}.Release|x86.Build.0 = Release|x86
		{90CF0933-DB59-413A-8A1E-814E32CEE6F4}.Debug|Any CPU.ActiveCfg = Debug|ARM
		{90CF0933-DB59-413A-8A1E-814E32CEE6F4}.Debug|Any CPU.Build.0 = Debug|ARM
		{90CF0933-DB59-413A-8A1E-814E32CEE6F4}.Debug|Any CPU.Deploy.0 = Debug|ARM
		{90CF0933-DB59-413A-8A1E-814E32CEE6F4}.Debug|ARM.ActiveCfg = Debug|ARM
		{90CF0933-DB59-413A-8A1E-814E32CEE6F4}.Debug|ARM.Build.0 = Debug|ARM
		{90CF0933-DB59-413A-8A1E-814E32CEE6F4}.Debug|ARM.Deploy.0 = Debug|ARM
		{90CF0933-DB59-413A-8A1E-814E32CEE6F4}.Debug|Mixed Platforms.ActiveCfg = Debug|x86
		{90CF0933-DB59-413A-8A1E-814E32CEE6F4}.Debug|Mixed Platforms.Build.0 = Debug|x86
		{90CF0933-DB59-413A-8A1E-814E32CEE6F4}.Debug|Mixed Platforms.Deploy.0 = Debug|x86
		{90CF0933-DB59-413A-8A1E-814E32CEE6F4}.Debug|Win32.ActiveCfg = Debug|x86
		{90CF0933-DB59-413A-8A1E-814E32CEE6F4}.Debug|Win32.Build.0 = Debug|x86
		{90CF0933-DB59-413A-8A1E-814E32CEE6F4}.Debug|Win32.Deploy.0 = Debug|x86
		{90CF0933-DB59-413A-8A1E-814E32CEE6F4}.Debug|x86.ActiveCfg = Debug|x86
		{90CF0933-DB59-413A-8A1E-814E32CEE6F4}.Debug|x86.Build.0 = Debug|x86
		{90CF0933-DB59-413A-8A1E-814E32CEE6F4}.Debug|x86.Deploy.0 = Debug|x86
		{90CF0933-DB59-413A-8A1E-814E32CEE6F4}.PhoneTestBox|Any CPU.ActiveCfg = Release|Any CPU
		{90CF0933-DB59-413A-8A1E-814E32CEE6F4}.PhoneTestBox|Any CPU.Build.0 = Release|Any CPU
		{90CF0933-DB59-413A-8A1E-814E32CEE6F4}.PhoneTestBox|Any CPU.Deploy.0 = Release|Any CPU
		{90CF0933-DB59-413A-8A1E-814E32CEE6F4}.PhoneTestBox|ARM.ActiveCfg = Release|ARM
		{90CF0933-DB59-413A-8A1E-814E32CEE6F4}.PhoneTestBox|ARM.Build.0 = Release|ARM
		{90CF0933-DB59-413A-8A1E-814E32CEE6F4}.PhoneTestBox|ARM.Deploy.0 = Release|ARM
		{90CF0933-DB59-413A-8A1E-814E32CEE6F4}.PhoneTestBox|Mixed Platforms.ActiveCfg = Release|x86
		{90CF0933-DB59-413A-8A1E-814E32CEE6F4}.PhoneTestBox|Mixed Platforms.Build.0 = Release|x86
		{90CF0933-DB59-413A-8A1E-814E32CEE6F4}.PhoneTestBox|Mixed Platforms.Deploy.0 = Release|x86
		{90CF0933-DB59-413A-8A1E-814E32CEE6F4}.PhoneTestBox|Win32.ActiveCfg = Release|x86
		{90CF0933-DB59-413A-8A1E-814E32CEE6F4}.PhoneTestBox|Win32.Build.0 = Release|x86
		{90CF0933-DB59-413A-8A1E-814E32CEE6F4}.PhoneTestBox|Win32.Deploy.0 = Release|x86
		{90CF0933-DB59-413A-8A1E-814E32CEE6F4}.PhoneTestBox|x86.ActiveCfg = Release|x86
		{90CF0933-DB59-413A-8A1E-814E32CEE6F4}.PhoneTestBox|x86.Build.0 = Release|x86
		{90CF0933-DB59-413A-8A1E-814E32CEE6F4}.PhoneTestBox|x86.Deploy.0 = Release|x86
		{90CF0933-DB59-413A-8A1E-814E32CEE6F4}.PhoneTestBoxDebug|Any CPU.ActiveCfg = Debug|Any CPU
		{90CF0933-DB59-413A-8A1E-814E32CEE6F4}.PhoneTestBoxDebug|Any CPU.Build.0 = Debug|Any CPU
		{90CF0933-DB59-413A-8A1E-814E32CEE6F4}.PhoneTestBoxDebug|Any CPU.Deploy.0 = Debug|Any CPU
		{90CF0933-DB59-413A-8A1E-814E32CEE6F4}.PhoneTestBoxDebug|ARM.ActiveCfg = Debug|ARM
		{90CF0933-DB59-413A-8A1E-814E32CEE6F4}.PhoneTestBoxDebug|ARM.Build.0 = Debug|ARM
		{90CF0933-DB59-413A-8A1E-814E32CEE6F4}.PhoneTestBoxDebug|ARM.Deploy.0 = Debug|ARM
		{90CF0933-DB59-413A-8A1E-814E32CEE6F4}.PhoneTestBoxDebug|Mixed Platforms.ActiveCfg = Debug|x86
		{90CF0933-DB59-413A-8A1E-814E32CEE6F4}.PhoneTestBoxDebug|Mixed Platforms.Build.0 = Debug|x86
		{90CF0933-DB59-413A-8A1E-814E32CEE6F4}.PhoneTestBoxDebug|Mixed Platforms.Deploy.0 = Debug|x86
		{90CF0933-DB59-413A-8A1E-814E32CEE6F4}.PhoneTestBoxDebug|Win32.ActiveCfg = Debug|x86
		{90CF0933-DB59-413A-8A1E-814E32CEE6F4}.PhoneTestBoxDebug|Win32.Build.0 = Debug|x86
		{90CF0933-DB59-413A-8A1E-814E32CEE6F4}.PhoneTestBoxDebug|Win32.Deploy.0 = Debug|x86
		{90CF0933-DB59-413A-8A1E-814E32CEE6F4}.PhoneTestBoxDebug|x86.ActiveCfg = Debug|x86
		{90CF0933-DB59-413A-8A1E-814E32CEE6F4}.PhoneTestBoxDebug|x86.Build.0 = Debug|x86
		{90CF0933-DB59-413A-8A1E-814E32CEE6F4}.PhoneTestBoxDebug|x86.Deploy.0 = Debug|x86
		{90CF0933-DB59-413A-8A1E-814E32CEE6F4}.Release|Any CPU.ActiveCfg = Release|Any CPU
		{90CF0933-DB59-413A-8A1E-814E32CEE6F4}.Release|Any CPU.Build.0 = Release|Any CPU
		{90CF0933-DB59-413A-8A1E-814E32CEE6F4}.Release|Any CPU.Deploy.0 = Release|Any CPU
		{90CF0933-DB59-413A-8A1E-814E32CEE6F4}.Release|ARM.ActiveCfg = Release|ARM
		{90CF0933-DB59-413A-8A1E-814E32CEE6F4}.Release|ARM.Build.0 = Release|ARM
		{90CF0933-DB59-413A-8A1E-814E32CEE6F4}.Release|ARM.Deploy.0 = Release|ARM
		{90CF0933-DB59-413A-8A1E-814E32CEE6F4}.Release|Mixed Platforms.ActiveCfg = Release|x86
		{90CF0933-DB59-413A-8A1E-814E32CEE6F4}.Release|Mixed Platforms.Build.0 = Release|x86
		{90CF0933-DB59-413A-8A1E-814E32CEE6F4}.Release|Mixed Platforms.Deploy.0 = Release|x86
		{90CF0933-DB59-413A-8A1E-814E32CEE6F4}.Release|Win32.ActiveCfg = Release|x86
		{90CF0933-DB59-413A-8A1E-814E32CEE6F4}.Release|Win32.Build.0 = Release|x86
		{90CF0933-DB59-413A-8A1E-814E32CEE6F4}.Release|Win32.Deploy.0 = Release|x86
		{90CF0933-DB59-413A-8A1E-814E32CEE6F4}.Release|x86.ActiveCfg = Release|x86
		{90CF0933-DB59-413A-8A1E-814E32CEE6F4}.Release|x86.Build.0 = Release|x86
		{90CF0933-DB59-413A-8A1E-814E32CEE6F4}.Release|x86.Deploy.0 = Release|x86
	EndGlobalSection
	GlobalSection(SolutionProperties) = preSolution
		HideSolutionNode = FALSE
	EndGlobalSection
EndGlobal
